// !$*UTF8*$!
{
	archiveVersion = 1;
	classes = {
	};
	objectVersion = 50;
	objects = {

/* Begin PBXBuildFile section */
		C54CAB3A26BCE855004FFD3F /* AppDelegate.swift in Sources */ = {isa = PBXBuildFile; fileRef = C54CAB3926BCE855004FFD3F /* AppDelegate.swift */; };
		C54CAB3C26BCE855004FFD3F /* SceneDelegate.swift in Sources */ = {isa = PBXBuildFile; fileRef = C54CAB3B26BCE855004FFD3F /* SceneDelegate.swift */; };
		C54CAB3E26BCE855004FFD3F /* ViewController.swift in Sources */ = {isa = PBXBuildFile; fileRef = C54CAB3D26BCE855004FFD3F /* ViewController.swift */; };
		C54CAB4126BCE855004FFD3F /* Main.storyboard in Resources */ = {isa = PBXBuildFile; fileRef = C54CAB3F26BCE855004FFD3F /* Main.storyboard */; };
		C54CAB4326BCE858004FFD3F /* Assets.xcassets in Resources */ = {isa = PBXBuildFile; fileRef = C54CAB4226BCE858004FFD3F /* Assets.xcassets */; };
		C54CAB4626BCE858004FFD3F /* LaunchScreen.storyboard in Resources */ = {isa = PBXBuildFile; fileRef = C54CAB4426BCE858004FFD3F /* LaunchScreen.storyboard */; };
		C5BCD35D26F0829600987281 /* MyWebViewController.swift in Sources */ = {isa = PBXBuildFile; fileRef = C5BCD35C26F0829600987281 /* MyWebViewController.swift */; };
/* End PBXBuildFile section */

/* Begin PBXFileReference section */
		C54CAB3626BCE855004FFD3F /* midtrans-snap-WebView-sample.app */ = {isa = PBXFileReference; explicitFileType = wrapper.application; includeInIndex = 0; path = "midtrans-snap-WebView-sample.app"; sourceTree = BUILT_PRODUCTS_DIR; };
		C54CAB3926BCE855004FFD3F /* AppDelegate.swift */ = {isa = PBXFileReference; lastKnownFileType = sourcecode.swift; path = AppDelegate.swift; sourceTree = "<group>"; };
		C54CAB3B26BCE855004FFD3F /* SceneDelegate.swift */ = {isa = PBXFileReference; lastKnownFileType = sourcecode.swift; path = SceneDelegate.swift; sourceTree = "<group>"; };
		C54CAB3D26BCE855004FFD3F /* ViewController.swift */ = {isa = PBXFileReference; lastKnownFileType = sourcecode.swift; path = ViewController.swift; sourceTree = "<group>"; };
		C54CAB4026BCE855004FFD3F /* Base */ = {isa = PBXFileReference; lastKnownFileType = file.storyboard; name = Base; path = Base.lproj/Main.storyboard; sourceTree = "<group>"; };
		C54CAB4226BCE858004FFD3F /* Assets.xcassets */ = {isa = PBXFileReference; lastKnownFileType = folder.assetcatalog; path = Assets.xcassets; sourceTree = "<group>"; };
		C54CAB4526BCE858004FFD3F /* Base */ = {isa = PBXFileReference; lastKnownFileType = file.storyboard; name = Base; path = Base.lproj/LaunchScreen.storyboard; sourceTree = "<group>"; };
		C54CAB4726BCE859004FFD3F /* Info.plist */ = {isa = PBXFileReference; lastKnownFileType = text.plist.xml; path = Info.plist; sourceTree = "<group>"; };
		C5BCD35C26F0829600987281 /* MyWebViewController.swift */ = {isa = PBXFileReference; lastKnownFileType = sourcecode.swift; path = MyWebViewController.swift; sourceTree = "<group>"; };
/* End PBXFileReference section */

/* Begin PBXFrameworksBuildPhase section */
		C54CAB3326BCE855004FFD3F /* Frameworks */ = {
			isa = PBXFrameworksBuildPhase;
			buildActionMask = 2147483647;
			files = (
			);
			runOnlyForDeploymentPostprocessing = 0;
		};
/* End PBXFrameworksBuildPhase section */

/* Begin PBXGroup section */
		C54CAB2D26BCE855004FFD3F = {
			isa = PBXGroup;
			children = (
				C54CAB3826BCE855004FFD3F /* midtrans-snap-WebView-sample */,
				C54CAB3726BCE855004FFD3F /* Products */,
			);
			sourceTree = "<group>";
		};
		C54CAB3726BCE855004FFD3F /* Products */ = {
			isa = PBXGroup;
			children = (
				C54CAB3626BCE855004FFD3F /* midtrans-snap-WebView-sample.app */,
			);
			name = Products;
			sourceTree = "<group>";
		};
		C54CAB3826BCE855004FFD3F /* midtrans-snap-WebView-sample */ = {
			isa = PBXGroup;
			children = (
				C54CAB3926BCE855004FFD3F /* AppDelegate.swift */,
				C54CAB3B26BCE855004FFD3F /* SceneDelegate.swift */,
				C54CAB3D26BCE855004FFD3F /* ViewController.swift */,
				C54CAB3F26BCE855004FFD3F /* Main.storyboard */,
				C54CAB4226BCE858004FFD3F /* Assets.xcassets */,
				C54CAB4426BCE858004FFD3F /* LaunchScreen.storyboard */,
				C54CAB4726BCE859004FFD3F /* Info.plist */,
				C5BCD35C26F0829600987281 /* MyWebViewController.swift */,
			);
			path = "midtrans-snap-WebView-sample";
			sourceTree = "<group>";
		};
/* End PBXGroup section */

/* Begin PBXNativeTarget section */
		C54CAB3526BCE855004FFD3F /* midtrans-snap-WebView-sample */ = {
			isa = PBXNativeTarget;
			buildConfigurationList = C54CAB4A26BCE859004FFD3F /* Build configuration list for PBXNativeTarget "midtrans-snap-WebView-sample" */;
			buildPhases = (
				C54CAB3226BCE855004FFD3F /* Sources */,
				C54CAB3326BCE855004FFD3F /* Frameworks */,
				C54CAB3426BCE855004FFD3F /* Resources */,
			);
			buildRules = (
			);
			dependencies = (
			);
			name = "midtrans-snap-WebView-sample";
			productName = "midtrans-snap-WebView-sample";
			productReference = C54CAB3626BCE855004FFD3F /* midtrans-snap-WebView-sample.app */;
			productType = "com.apple.product-type.application";
		};
/* End PBXNativeTarget section */

/* Begin PBXProject section */
		C54CAB2E26BCE855004FFD3F /* Project object */ = {
			isa = PBXProject;
			attributes = {
				LastSwiftUpdateCheck = 1250;
				LastUpgradeCheck = 1250;
				TargetAttributes = {
					C54CAB3526BCE855004FFD3F = {
						CreatedOnToolsVersion = 12.5.1;
					};
				};
			};
			buildConfigurationList = C54CAB3126BCE855004FFD3F /* Build configuration list for PBXProject "midtrans-snap-WebView-sample" */;
			compatibilityVersion = "Xcode 9.3";
			developmentRegion = en;
			hasScannedForEncodings = 0;
			knownRegions = (
				en,
				Base,
			);
			mainGroup = C54CAB2D26BCE855004FFD3F;
			productRefGroup = C54CAB3726BCE855004FFD3F /* Products */;
			projectDirPath = "";
			projectRoot = "";
			targets = (
				C54CAB3526BCE855004FFD3F /* midtrans-snap-WebView-sample */,
			);
		};
/* End PBXProject section */

/* Begin PBXResourcesBuildPhase section */
		C54CAB3426BCE855004FFD3F /* Resources */ = {
			isa = PBXResourcesBuildPhase;
			buildActionMask = 2147483647;
			files = (
				C54CAB4626BCE858004FFD3F /* LaunchScreen.storyboard in Resources */,
				C54CAB4326BCE858004FFD3F /* Assets.xcassets in Resources */,
				C54CAB4126BCE855004FFD3F /* Main.storyboard in Resources */,
			);
			runOnlyForDeploymentPostprocessing = 0;
		};
/* End PBXResourcesBuildPhase section */

/* Begin PBXSourcesBuildPhase section */
		C54CAB3226BCE855004FFD3F /* Sources */ = {
			isa = PBXSourcesBuildPhase;
			buildActionMask = 2147483647;
			files = (
				C54CAB3E26BCE855004FFD3F /* ViewController.swift in Sources */,
				C54CAB3A26BCE855004FFD3F /* AppDelegate.swift in Sources */,
				C54CAB3C26BCE855004FFD3F /* SceneDelegate.swift in Sources */,
				C5BCD35D26F0829600987281 /* MyWebViewController.swift in Sources */,
			);
			runOnlyForDeploymentPostprocessing = 0;
		};
/* End PBXSourcesBuildPhase section */

/* Begin PBXVariantGroup section */
		C54CAB3F26BCE855004FFD3F /* Main.storyboard */ = {
			isa = PBXVariantGroup;
			children = (
				C54CAB4026BCE855004FFD3F /* Base */,
			);
			name = Main.storyboard;
			sourceTree = "<group>";
		};
		C54CAB4426BCE858004FFD3F /* LaunchScreen.storyboard */ = {
			isa = PBXVariantGroup;
			children = (
				C54CAB4526BCE858004FFD3F /* Base */,
			);
			name = LaunchScreen.storyboard;
			sourceTree = "<group>";
		};
/* End PBXVariantGroup section */

/* Begin XCBuildConfiguration section */
		C54CAB4826BCE859004FFD3F /* Debug */ = {
			isa = XCBuildConfiguration;
			buildSettings = {
				ALWAYS_SEARCH_USER_PATHS = NO;
				CLANG_ANALYZER_NONNULL = YES;
				CLANG_ANALYZER_NUMBER_OBJECT_CONVERSION = YES_AGGRESSIVE;
				CLANG_CXX_LANGUAGE_STANDARD = "gnu++14";
				CLANG_CXX_LIBRARY = "libc++";
				CLANG_ENABLE_MODULES = YES;
				CLANG_ENABLE_OBJC_ARC = YES;
				CLANG_ENABLE_OBJC_WEAK = YES;
				CLANG_WARN_BLOCK_CAPTURE_AUTORELEASING = YES;
				CLANG_WARN_BOOL_CONVERSION = YES;
				CLANG_WARN_COMMA = YES;
				CLANG_WARN_CONSTANT_CONVERSION = YES;
				CLANG_WARN_DEPRECATED_OBJC_IMPLEMENTATIONS = YES;
				CLANG_WARN_DIRECT_OBJC_ISA_USAGE = YES_ERROR;
				CLANG_WARN_DOCUMENTATION_COMMENTS = YES;
				CLANG_WARN_EMPTY_BODY = YES;
				CLANG_WARN_ENUM_CONVERSION = YES;
				CLANG_WARN_INFINITE_RECURSION = YES;
				CLANG_WARN_INT_CONVERSION = YES;
				CLANG_WARN_NON_LITERAL_NULL_CONVERSION = YES;
				CLANG_WARN_OBJC_IMPLICIT_RETAIN_SELF = YES;
				CLANG_WARN_OBJC_LITERAL_CONVERSION = YES;
				CLANG_WARN_OBJC_ROOT_CLASS = YES_ERROR;
				CLANG_WARN_QUOTED_INCLUDE_IN_FRAMEWORK_HEADER = YES;
				CLANG_WARN_RANGE_LOOP_ANALYSIS = YES;
				CLANG_WARN_STRICT_PROTOTYPES = YES;
				CLANG_WARN_SUSPICIOUS_MOVE = YES;
				CLANG_WARN_UNGUARDED_AVAILABILITY = YES_AGGRESSIVE;
				CLANG_WARN_UNREACHABLE_CODE = YES;
				CLANG_WARN__DUPLICATE_METHOD_MATCH = YES;
				COPY_PHASE_STRIP = NO;
				DEBUG_INFORMATION_FORMAT = dwarf;
				ENABLE_STRICT_OBJC_MSGSEND = YES;
				ENABLE_TESTABILITY = YES;
				GCC_C_LANGUAGE_STANDARD = gnu11;
				GCC_DYNAMIC_NO_PIC = NO;
				GCC_NO_COMMON_BLOCKS = YES;
				GCC_OPTIMIZATION_LEVEL = 0;
				GCC_PREPROCESSOR_DEFINITIONS = (
					"DEBUG=1",
					"$(inherited)",
				);
				GCC_WARN_64_TO_32_BIT_CONVERSION = YES;
				GCC_WARN_ABOUT_RETURN_TYPE = YES_ERROR;
				GCC_WARN_UNDECLARED_SELECTOR = YES;
				GCC_WARN_UNINITIALIZED_AUTOS = YES_AGGRESSIVE;
				GCC_WARN_UNUSED_FUNCTION = YES;
				GCC_WARN_UNUSED_VARIABLE = YES;
				IPHONEOS_DEPLOYMENT_TARGET = 14.5;
				MTL_ENABLE_DEBUG_INFO = INCLUDE_SOURCE;
				MTL_FAST_MATH = YES;
				ONLY_ACTIVE_ARCH = YES;
				SDKROOT = iphoneos;
				SWIFT_ACTIVE_COMPILATION_CONDITIONS = DEBUG;
				SWIFT_OPTIMIZATION_LEVEL = "-Onone";
			};
			name = Debug;
		};
		C54CAB4926BCE859004FFD3F /* Release */ = {
			isa = XCBuildConfiguration;
			buildSettings = {
				ALWAYS_SEARCH_USER_PATHS = NO;
				CLANG_ANALYZER_NONNULL = YES;
				CLANG_ANALYZER_NUMBER_OBJECT_CONVERSION = YES_AGGRESSIVE;
				CLANG_CXX_LANGUAGE_STANDARD = "gnu++14";
				CLANG_CXX_LIBRARY = "libc++";
				CLANG_ENABLE_MODULES = YES;
				CLANG_ENABLE_OBJC_ARC = YES;
				CLANG_ENABLE_OBJC_WEAK = YES;
				CLANG_WARN_BLOCK_CAPTURE_AUTORELEASING = YES;
				CLANG_WARN_BOOL_CONVERSION = YES;
				CLANG_WARN_COMMA = YES;
				CLANG_WARN_CONSTANT_CONVERSION = YES;
				CLANG_WARN_DEPRECATED_OBJC_IMPLEMENTATIONS = YES;
				CLANG_WARN_DIRECT_OBJC_ISA_USAGE = YES_ERROR;
				CLANG_WARN_DOCUMENTATION_COMMENTS = YES;
				CLANG_WARN_EMPTY_BODY = YES;
				CLANG_WARN_ENUM_CONVERSION = YES;
				CLANG_WARN_INFINITE_RECURSION = YES;
				CLANG_WARN_INT_CONVERSION = YES;
				CLANG_WARN_NON_LITERAL_NULL_CONVERSION = YES;
				CLANG_WARN_OBJC_IMPLICIT_RETAIN_SELF = YES;
				CLANG_WARN_OBJC_LITERAL_CONVERSION = YES;
				CLANG_WARN_OBJC_ROOT_CLASS = YES_ERROR;
				CLANG_WARN_QUOTED_INCLUDE_IN_FRAMEWORK_HEADER = YES;
				CLANG_WARN_RANGE_LOOP_ANALYSIS = YES;
				CLANG_WARN_STRICT_PROTOTYPES = YES;
				CLANG_WARN_SUSPICIOUS_MOVE = YES;
				CLANG_WARN_UNGUARDED_AVAILABILITY = YES_AGGRESSIVE;
				CLANG_WARN_UNREACHABLE_CODE = YES;
				CLANG_WARN__DUPLICATE_METHOD_MATCH = YES;
				COPY_PHASE_STRIP = NO;
				DEBUG_INFORMATION_FORMAT = "dwarf-with-dsym";
				ENABLE_NS_ASSERTIONS = NO;
				ENABLE_STRICT_OBJC_MSGSEND = YES;
				GCC_C_LANGUAGE_STANDARD = gnu11;
				GCC_NO_COMMON_BLOCKS = YES;
				GCC_WARN_64_TO_32_BIT_CONVERSION = YES;
				GCC_WARN_ABOUT_RETURN_TYPE = YES_ERROR;
				GCC_WARN_UNDECLARED_SELECTOR = YES;
				GCC_WARN_UNINITIALIZED_AUTOS = YES_AGGRESSIVE;
				GCC_WARN_UNUSED_FUNCTION = YES;
				GCC_WARN_UNUSED_VARIABLE = YES;
				IPHONEOS_DEPLOYMENT_TARGET = 14.5;
				MTL_ENABLE_DEBUG_INFO = NO;
				MTL_FAST_MATH = YES;
				SDKROOT = iphoneos;
				SWIFT_COMPILATION_MODE = wholemodule;
				SWIFT_OPTIMIZATION_LEVEL = "-O";
				VALIDATE_PRODUCT = YES;
			};
			name = Release;
		};
		C54CAB4B26BCE859004FFD3F /* Debug */ = {
			isa = XCBuildConfiguration;
			buildSettings = {
				ASSETCATALOG_COMPILER_APPICON_NAME = AppIcon;
				ASSETCATALOG_COMPILER_GLOBAL_ACCENT_COLOR_NAME = AccentColor;
				CODE_SIGN_STYLE = Automatic;
				DEVELOPMENT_TEAM = ZJL6NU37B9;
				INFOPLIST_FILE = "midtrans-snap-WebView-sample/Info.plist";
				IPHONEOS_DEPLOYMENT_TARGET = 13.4;
				LD_RUNPATH_SEARCH_PATHS = (
					"$(inherited)",
					"@executable_path/Frameworks",
				);
				PRODUCT_BUNDLE_IDENTIFIER = "com.midtrans.midtrans-snap-WebView-sample";
				PRODUCT_NAME = "$(TARGET_NAME)";
				SWIFT_VERSION = 5.0;
				TARGETED_DEVICE_FAMILY = "1,2";
			};
			name = Debug;
		};
		C54CAB4C26BCE859004FFD3F /* Release */ = {
			isa = XCBuildConfiguration;
			buildSettings = {
				ASSETCATALOG_COMPILER_APPICON_NAME = AppIcon;
				ASSETCATALOG_COMPILER_GLOBAL_ACCENT_COLOR_NAME = AccentColor;
				CODE_SIGN_STYLE = Automatic;
				DEVELOPMENT_TEAM = ZJL6NU37B9;
				INFOPLIST_FILE = "midtrans-snap-WebView-sample/Info.plist";
				IPHONEOS_DEPLOYMENT_TARGET = 13.4;
				LD_RUNPATH_SEARCH_PATHS = (
					"$(inherited)",
					"@executable_path/Frameworks",
				);
				PRODUCT_BUNDLE_IDENTIFIER = "com.midtrans.midtrans-snap-WebView-sample";
				PRODUCT_NAME = "$(TARGET_NAME)";
				SWIFT_VERSION = 5.0;
				TARGETED_DEVICE_FAMILY = "1,2";
			};
			name = Release;
		};
/* End XCBuildConfiguration section */

/* Begin XCConfigurationList section */
		C54CAB3126BCE855004FFD3F /* Build configuration list for PBXProject "midtrans-snap-WebView-sample" */ = {
			isa = XCConfigurationList;
			buildConfigurations = (
				C54CAB4826BCE859004FFD3F /* Debug */,
				C54CAB4926BCE859004FFD3F /* Release */,
			);
			defaultConfigurationIsVisible = 0;
			defaultConfigurationName = Release;
		};
		C54CAB4A26BCE859004FFD3F /* Build configuration list for PBXNativeTarget "midtrans-snap-WebView-sample" */ = {
			isa = XCConfigurationList;
			buildConfigurations = (
				C54CAB4B26BCE859004FFD3F /* Debug */,
				C54CAB4C26BCE859004FFD3F /* Release */,
			);
			defaultConfigurationIsVisible = 0;
			defaultConfigurationName = Release;
		};
/* End XCConfigurationList section */
	};
	rootObject = C54CAB2E26BCE855004FFD3F /* Project object */;
}
